
Microsoft Visual Studio Solution File, Format Version 12.00
Project("{FAE04EC0-301F-11D3-BF4B-00C04F79EFBC}") = "Oven.Bot", "Oven.Bot\Oven.Bot.csproj", "{B9433017-A498-49C9-804D-B73631D29BE2}"
EndProject
Project("{FAE04EC0-301F-11D3-BF4B-00C04F79EFBC}") = "Oven.CLI", "Oven.CLI\Oven.CLI.csproj", "{D50325E9-5D84-4FC8-A8A6-0557AE96051E}"
EndProject
Global
	GlobalSection(SolutionConfigurationPlatforms) = preSolution
		Debug|Any CPU = Debug|Any CPU
		Release|Any CPU = Release|Any CPU
	EndGlobalSection
	GlobalSection(ProjectConfigurationPlatforms) = postSolution
		{B9433017-A498-49C9-804D-B73631D29BE2}.Debug|Any CPU.ActiveCfg = Debug|Any CPU
		{B9433017-A498-49C9-804D-B73631D29BE2}.Debug|Any CPU.Build.0 = Debug|Any CPU
		{B9433017-A498-49C9-804D-B73631D29BE2}.Release|Any CPU.ActiveCfg = Release|Any CPU
		{B9433017-A498-49C9-804D-B73631D29BE2}.Release|Any CPU.Build.0 = Release|Any CPU
		{D50325E9-5D84-4FC8-A8A6-0557AE96051E}.Debug|Any CPU.ActiveCfg = Debug|Any CPU
		{D50325E9-5D84-4FC8-A8A6-0557AE96051E}.Debug|Any CPU.Build.0 = Debug|Any CPU
		{D50325E9-5D84-4FC8-A8A6-0557AE96051E}.Release|Any CPU.ActiveCfg = Release|Any CPU
		{D50325E9-5D84-4FC8-A8A6-0557AE96051E}.Release|Any CPU.Build.0 = Release|Any CPU
	EndGlobalSection
EndGlobal
